
Microsoft Visual Studio Solution File, Format Version 12.00
# Visual Studio Version 16
VisualStudioVersion = 16.0.31702.278
MinimumVisualStudioVersion = 10.0.40219.1
Project("{FAE04EC0-301F-11D3-BF4B-00C04F79EFBC}") = "MyLogger", "MyLogger\MyLogger.csproj", "{DD92F345-740F-4CD2-AE0B-DC2BCC57007E}"
EndProject
Project("{FAE04EC0-301F-11D3-BF4B-00C04F79EFBC}") = "MyLoggerTest", "MyLoggerTest\MyLoggerTest.csproj", "{A1DE1759-33DA-4E71-B5A5-E41C05BD673E}"
EndProject
Global
	GlobalSection(SolutionConfigurationPlatforms) = preSolution
		Debug|Any CPU = Debug|Any CPU
		Release|Any CPU = Release|Any CPU
	EndGlobalSection
	GlobalSection(ProjectConfigurationPlatforms) = postSolution
		{DD92F345-740F-4CD2-AE0B-DC2BCC57007E}.Debug|Any CPU.ActiveCfg = Debug|Any CPU
		{DD92F345-740F-4CD2-AE0B-DC2BCC57007E}.Debug|Any CPU.Build.0 = Debug|Any CPU
		{DD92F345-740F-4CD2-AE0B-DC2BCC57007E}.Release|Any CPU.ActiveCfg = Release|Any CPU
		{DD92F345-740F-4CD2-AE0B-DC2BCC57007E}.Release|Any CPU.Build.0 = Release|Any CPU
		{A1DE1759-33DA-4E71-B5A5-E41C05BD673E}.Debug|Any CPU.ActiveCfg = Debug|Any CPU
		{A1DE1759-33DA-4E71-B5A5-E41C05BD673E}.Debug|Any CPU.Build.0 = Debug|Any CPU
		{A1DE1759-33DA-4E71-B5A5-E41C05BD673E}.Release|Any CPU.ActiveCfg = Release|Any CPU
		{A1DE1759-33DA-4E71-B5A5-E41C05BD673E}.Release|Any CPU.Build.0 = Release|Any CPU
	EndGlobalSection
	GlobalSection(SolutionProperties) = preSolution
		HideSolutionNode = FALSE
	EndGlobalSection
	GlobalSection(ExtensibilityGlobals) = postSolution
		SolutionGuid = {0FDA4CA7-EC60-44B5-85DF-CAB92B43E5D0}
	EndGlobalSection
EndGlobal
